
Microsoft Visual Studio Solution File, Format Version 12.00
Project("{FAE04EC0-301F-11D3-BF4B-00C04F79EFBC}") = "PlayerDatabase", "PlayerDatabase\PlayerDatabase.csproj", "{65912B80-01E3-4DD6-B284-FE159671A81D}"
EndProject
Project("{FAE04EC0-301F-11D3-BF4B-00C04F79EFBC}") = "FillingDatabase", "FillingDatabase\FillingDatabase.csproj", "{8CC96F13-1255-44B5-A0D4-185933A4D329}"
EndProject
Project("{FAE04EC0-301F-11D3-BF4B-00C04F79EFBC}") = "Rating", "Rating\Rating.csproj", "{7CB06356-A163-4BB7-BFA7-1044CBF78391}"
EndProject
Project("{FAE04EC0-301F-11D3-BF4B-00C04F79EFBC}") = "AllPaths", "AllPaths\AllPaths.csproj", "{F9D30274-6679-4E25-ACE2-E2523F6B8F40}"
EndProject
Project("{FAE04EC0-301F-11D3-BF4B-00C04F79EFBC}") = "CompareRating", "CompareRating\CompareRating.csproj", "{47E34746-5C6C-4994-8F69-AF9E854987DC}"
EndProject
Global
	GlobalSection(SolutionConfigurationPlatforms) = preSolution
		Debug|Any CPU = Debug|Any CPU
		Release|Any CPU = Release|Any CPU
	EndGlobalSection
	GlobalSection(ProjectConfigurationPlatforms) = postSolution
		{65912B80-01E3-4DD6-B284-FE159671A81D}.Debug|Any CPU.ActiveCfg = Debug|Any CPU
		{65912B80-01E3-4DD6-B284-FE159671A81D}.Debug|Any CPU.Build.0 = Debug|Any CPU
		{65912B80-01E3-4DD6-B284-FE159671A81D}.Release|Any CPU.ActiveCfg = Release|Any CPU
		{65912B80-01E3-4DD6-B284-FE159671A81D}.Release|Any CPU.Build.0 = Release|Any CPU
		{8CC96F13-1255-44B5-A0D4-185933A4D329}.Debug|Any CPU.ActiveCfg = Debug|Any CPU
		{8CC96F13-1255-44B5-A0D4-185933A4D329}.Debug|Any CPU.Build.0 = Debug|Any CPU
		{8CC96F13-1255-44B5-A0D4-185933A4D329}.Release|Any CPU.ActiveCfg = Release|Any CPU
		{8CC96F13-1255-44B5-A0D4-185933A4D329}.Release|Any CPU.Build.0 = Release|Any CPU
		{7CB06356-A163-4BB7-BFA7-1044CBF78391}.Debug|Any CPU.ActiveCfg = Debug|Any CPU
		{7CB06356-A163-4BB7-BFA7-1044CBF78391}.Debug|Any CPU.Build.0 = Debug|Any CPU
		{7CB06356-A163-4BB7-BFA7-1044CBF78391}.Release|Any CPU.ActiveCfg = Release|Any CPU
		{7CB06356-A163-4BB7-BFA7-1044CBF78391}.Release|Any CPU.Build.0 = Release|Any CPU
		{F9D30274-6679-4E25-ACE2-E2523F6B8F40}.Debug|Any CPU.ActiveCfg = Debug|Any CPU
		{F9D30274-6679-4E25-ACE2-E2523F6B8F40}.Debug|Any CPU.Build.0 = Debug|Any CPU
		{F9D30274-6679-4E25-ACE2-E2523F6B8F40}.Release|Any CPU.ActiveCfg = Release|Any CPU
		{F9D30274-6679-4E25-ACE2-E2523F6B8F40}.Release|Any CPU.Build.0 = Release|Any CPU
		{47E34746-5C6C-4994-8F69-AF9E854987DC}.Debug|Any CPU.ActiveCfg = Debug|Any CPU
		{47E34746-5C6C-4994-8F69-AF9E854987DC}.Debug|Any CPU.Build.0 = Debug|Any CPU
		{47E34746-5C6C-4994-8F69-AF9E854987DC}.Release|Any CPU.ActiveCfg = Release|Any CPU
		{47E34746-5C6C-4994-8F69-AF9E854987DC}.Release|Any CPU.Build.0 = Release|Any CPU
	EndGlobalSection
EndGlobal
